
Microsoft Visual Studio Solution File, Format Version 12.00
# Visual Studio Version 17
VisualStudioVersion = 17.9.34518.117
MinimumVisualStudioVersion = 10.0.40219.1
Project("{FAE04EC0-301F-11D3-BF4B-00C04F79EFBC}") = "Presentación Ex 1", "Presentación Ex 1.csproj", "{13CA589C-F775-4FBF-AB45-60B8457A053E}"
EndProject
Global
	GlobalSection(SolutionConfigurationPlatforms) = preSolution
		Debug|Any CPU = Debug|Any CPU
		Release|Any CPU = Release|Any CPU
	EndGlobalSection
	GlobalSection(ProjectConfigurationPlatforms) = postSolution
		{13CA589C-F775-4FBF-AB45-60B8457A053E}.Debug|Any CPU.ActiveCfg = Debug|Any CPU
		{13CA589C-F775-4FBF-AB45-60B8457A053E}.Debug|Any CPU.Build.0 = Debug|Any CPU
		{13CA589C-F775-4FBF-AB45-60B8457A053E}.Release|Any CPU.ActiveCfg = Release|Any CPU
		{13CA589C-F775-4FBF-AB45-60B8457A053E}.Release|Any CPU.Build.0 = Release|Any CPU
	EndGlobalSection
	GlobalSection(SolutionProperties) = preSolution
		HideSolutionNode = FALSE
	EndGlobalSection
	GlobalSection(ExtensibilityGlobals) = postSolution
		SolutionGuid = {0EB2F21C-F1F2-4AE0-8B7E-F033572C5BBE}
	EndGlobalSection
EndGlobal
